
Microsoft Visual Studio Solution File, Format Version 12.00
# Visual Studio 14
VisualStudioVersion = 14.0.23107.0
MinimumVisualStudioVersion = 10.0.40219.1
Project("{FAE04EC0-301F-11D3-BF4B-00C04F79EFBC}") = "BestNote_cs", "BestNote_cs\BestNote_cs.csproj", "{5096659A-BE9B-4446-8813-36EC1850268F}"
EndProject
Project("{FAE04EC0-301F-11D3-BF4B-00C04F79EFBC}") = "BestNote_csTests", "BestNote_csTests\BestNote_csTests.csproj", "{ED63A9BB-AEFD-4349-B1F4-7E66086E3B47}"
EndProject
Global
	GlobalSection(SolutionConfigurationPlatforms) = preSolution
		Debug|Any CPU = Debug|Any CPU
		Release|Any CPU = Release|Any CPU
	EndGlobalSection
	GlobalSection(ProjectConfigurationPlatforms) = postSolution
		{5096659A-BE9B-4446-8813-36EC1850268F}.Debug|Any CPU.ActiveCfg = Debug|Any CPU
		{5096659A-BE9B-4446-8813-36EC1850268F}.Debug|Any CPU.Build.0 = Debug|Any CPU
		{5096659A-BE9B-4446-8813-36EC1850268F}.Release|Any CPU.ActiveCfg = Release|Any CPU
		{5096659A-BE9B-4446-8813-36EC1850268F}.Release|Any CPU.Build.0 = Release|Any CPU
		{ED63A9BB-AEFD-4349-B1F4-7E66086E3B47}.Debug|Any CPU.ActiveCfg = Debug|Any CPU
		{ED63A9BB-AEFD-4349-B1F4-7E66086E3B47}.Debug|Any CPU.Build.0 = Debug|Any CPU
		{ED63A9BB-AEFD-4349-B1F4-7E66086E3B47}.Release|Any CPU.ActiveCfg = Release|Any CPU
		{ED63A9BB-AEFD-4349-B1F4-7E66086E3B47}.Release|Any CPU.Build.0 = Release|Any CPU
	EndGlobalSection
	GlobalSection(SolutionProperties) = preSolution
		HideSolutionNode = FALSE
	EndGlobalSection
EndGlobal
